
Microsoft Visual Studio Solution File, Format Version 12.00
# Visual Studio Version 17
VisualStudioVersion = 17.3.32901.215
MinimumVisualStudioVersion = 10.0.40219.1
Project("{FAE04EC0-301F-11D3-BF4B-00C04F79EFBC}") = "02.CommonElements", "02.CommonElements\02.CommonElements.csproj", "{D2B33B3E-6D42-47A4-9BFA-ED4765AF35D5}"
EndProject
Global
	GlobalSection(SolutionConfigurationPlatforms) = preSolution
		Debug|Any CPU = Debug|Any CPU
		Release|Any CPU = Release|Any CPU
	EndGlobalSection
	GlobalSection(ProjectConfigurationPlatforms) = postSolution
		{D2B33B3E-6D42-47A4-9BFA-ED4765AF35D5}.Debug|Any CPU.ActiveCfg = Debug|Any CPU
		{D2B33B3E-6D42-47A4-9BFA-ED4765AF35D5}.Debug|Any CPU.Build.0 = Debug|Any CPU
		{D2B33B3E-6D42-47A4-9BFA-ED4765AF35D5}.Release|Any CPU.ActiveCfg = Release|Any CPU
		{D2B33B3E-6D42-47A4-9BFA-ED4765AF35D5}.Release|Any CPU.Build.0 = Release|Any CPU
	EndGlobalSection
	GlobalSection(SolutionProperties) = preSolution
		HideSolutionNode = FALSE
	EndGlobalSection
	GlobalSection(ExtensibilityGlobals) = postSolution
		SolutionGuid = {C846D2F7-CED4-46DC-8BA6-3EB9F583EF51}
	EndGlobalSection
EndGlobal
