
Microsoft Visual Studio Solution File, Format Version 12.00
# Visual Studio Version 17
VisualStudioVersion = 17.3.32901.215
MinimumVisualStudioVersion = 10.0.40219.1
Project("{FAE04EC0-301F-11D3-BF4B-00C04F79EFBC}") = "10.LowerOrUpper", "10.LowerOrUpper\10.LowerOrUpper.csproj", "{B487F70B-1F7B-4E4E-8991-1A8CDFA4F683}"
EndProject
Global
	GlobalSection(SolutionConfigurationPlatforms) = preSolution
		Debug|Any CPU = Debug|Any CPU
		Release|Any CPU = Release|Any CPU
	EndGlobalSection
	GlobalSection(ProjectConfigurationPlatforms) = postSolution
		{B487F70B-1F7B-4E4E-8991-1A8CDFA4F683}.Debug|Any CPU.ActiveCfg = Debug|Any CPU
		{B487F70B-1F7B-4E4E-8991-1A8CDFA4F683}.Debug|Any CPU.Build.0 = Debug|Any CPU
		{B487F70B-1F7B-4E4E-8991-1A8CDFA4F683}.Release|Any CPU.ActiveCfg = Release|Any CPU
		{B487F70B-1F7B-4E4E-8991-1A8CDFA4F683}.Release|Any CPU.Build.0 = Release|Any CPU
	EndGlobalSection
	GlobalSection(SolutionProperties) = preSolution
		HideSolutionNode = FALSE
	EndGlobalSection
	GlobalSection(ExtensibilityGlobals) = postSolution
		SolutionGuid = {66001C60-1681-4390-888A-05BCDA483BF6}
	EndGlobalSection
EndGlobal
