
Microsoft Visual Studio Solution File, Format Version 12.00
# Visual Studio Version 17
VisualStudioVersion = 17.3.32901.215
MinimumVisualStudioVersion = 10.0.40219.1
Project("{FAE04EC0-301F-11D3-BF4B-00C04F79EFBC}") = "03. The Angry Cat", "03. The Angry Cat\03. The Angry Cat.csproj", "{7A7849A6-8495-4408-80B8-69A29945F787}"
EndProject
Global
	GlobalSection(SolutionConfigurationPlatforms) = preSolution
		Debug|Any CPU = Debug|Any CPU
		Release|Any CPU = Release|Any CPU
	EndGlobalSection
	GlobalSection(ProjectConfigurationPlatforms) = postSolution
		{7A7849A6-8495-4408-80B8-69A29945F787}.Debug|Any CPU.ActiveCfg = Debug|Any CPU
		{7A7849A6-8495-4408-80B8-69A29945F787}.Debug|Any CPU.Build.0 = Debug|Any CPU
		{7A7849A6-8495-4408-80B8-69A29945F787}.Release|Any CPU.ActiveCfg = Release|Any CPU
		{7A7849A6-8495-4408-80B8-69A29945F787}.Release|Any CPU.Build.0 = Release|Any CPU
	EndGlobalSection
	GlobalSection(SolutionProperties) = preSolution
		HideSolutionNode = FALSE
	EndGlobalSection
	GlobalSection(ExtensibilityGlobals) = postSolution
		SolutionGuid = {26A33DDE-F4A1-4F45-A164-90EBBB7BCE87}
	EndGlobalSection
EndGlobal
