
Microsoft Visual Studio Solution File, Format Version 12.00
# Visual Studio Version 17
VisualStudioVersion = 17.3.32901.215
MinimumVisualStudioVersion = 10.0.40219.1
Project("{FAE04EC0-301F-11D3-BF4B-00C04F79EFBC}") = "05.TopIntegers", "05.TopIntegers\05.TopIntegers.csproj", "{E755B4D1-A149-41A5-9E09-5851F8D7BD23}"
EndProject
Global
	GlobalSection(SolutionConfigurationPlatforms) = preSolution
		Debug|Any CPU = Debug|Any CPU
		Release|Any CPU = Release|Any CPU
	EndGlobalSection
	GlobalSection(ProjectConfigurationPlatforms) = postSolution
		{E755B4D1-A149-41A5-9E09-5851F8D7BD23}.Debug|Any CPU.ActiveCfg = Debug|Any CPU
		{E755B4D1-A149-41A5-9E09-5851F8D7BD23}.Debug|Any CPU.Build.0 = Debug|Any CPU
		{E755B4D1-A149-41A5-9E09-5851F8D7BD23}.Release|Any CPU.ActiveCfg = Release|Any CPU
		{E755B4D1-A149-41A5-9E09-5851F8D7BD23}.Release|Any CPU.Build.0 = Release|Any CPU
	EndGlobalSection
	GlobalSection(SolutionProperties) = preSolution
		HideSolutionNode = FALSE
	EndGlobalSection
	GlobalSection(ExtensibilityGlobals) = postSolution
		SolutionGuid = {D408A70C-1A23-434A-A5C7-5B1C9C9F3A4B}
	EndGlobalSection
EndGlobal
