
Microsoft Visual Studio Solution File, Format Version 12.00
# Visual Studio Version 17
VisualStudioVersion = 17.3.32901.215
MinimumVisualStudioVersion = 10.0.40219.1
Project("{FAE04EC0-301F-11D3-BF4B-00C04F79EFBC}") = "02.PoundsToDollars", "02.PoundsToDollars\02.PoundsToDollars.csproj", "{ED876B31-3F72-4050-BE0B-53434BF91B90}"
EndProject
Global
	GlobalSection(SolutionConfigurationPlatforms) = preSolution
		Debug|Any CPU = Debug|Any CPU
		Release|Any CPU = Release|Any CPU
	EndGlobalSection
	GlobalSection(ProjectConfigurationPlatforms) = postSolution
		{ED876B31-3F72-4050-BE0B-53434BF91B90}.Debug|Any CPU.ActiveCfg = Debug|Any CPU
		{ED876B31-3F72-4050-BE0B-53434BF91B90}.Debug|Any CPU.Build.0 = Debug|Any CPU
		{ED876B31-3F72-4050-BE0B-53434BF91B90}.Release|Any CPU.ActiveCfg = Release|Any CPU
		{ED876B31-3F72-4050-BE0B-53434BF91B90}.Release|Any CPU.Build.0 = Release|Any CPU
	EndGlobalSection
	GlobalSection(SolutionProperties) = preSolution
		HideSolutionNode = FALSE
	EndGlobalSection
	GlobalSection(ExtensibilityGlobals) = postSolution
		SolutionGuid = {10DC1A6F-CFC4-4A8E-9D14-E55106C198D7}
	EndGlobalSection
EndGlobal
