
Microsoft Visual Studio Solution File, Format Version 12.00
# Visual Studio Version 17
VisualStudioVersion = 17.3.32901.215
MinimumVisualStudioVersion = 10.0.40219.1
Project("{FAE04EC0-301F-11D3-BF4B-00C04F79EFBC}") = "03.ExactSumOfRealNumbers", "03.ExactSumOfRealNumbers\03.ExactSumOfRealNumbers.csproj", "{B92E44CD-D7C1-489F-BA28-F836F605709D}"
EndProject
Global
	GlobalSection(SolutionConfigurationPlatforms) = preSolution
		Debug|Any CPU = Debug|Any CPU
		Release|Any CPU = Release|Any CPU
	EndGlobalSection
	GlobalSection(ProjectConfigurationPlatforms) = postSolution
		{B92E44CD-D7C1-489F-BA28-F836F605709D}.Debug|Any CPU.ActiveCfg = Debug|Any CPU
		{B92E44CD-D7C1-489F-BA28-F836F605709D}.Debug|Any CPU.Build.0 = Debug|Any CPU
		{B92E44CD-D7C1-489F-BA28-F836F605709D}.Release|Any CPU.ActiveCfg = Release|Any CPU
		{B92E44CD-D7C1-489F-BA28-F836F605709D}.Release|Any CPU.Build.0 = Release|Any CPU
	EndGlobalSection
	GlobalSection(SolutionProperties) = preSolution
		HideSolutionNode = FALSE
	EndGlobalSection
	GlobalSection(ExtensibilityGlobals) = postSolution
		SolutionGuid = {0353A8F9-97C3-4456-A689-16B9E57BE5DE}
	EndGlobalSection
EndGlobal
