
Microsoft Visual Studio Solution File, Format Version 12.00
# Visual Studio Version 17
VisualStudioVersion = 17.3.32901.215
MinimumVisualStudioVersion = 10.0.40219.1
Project("{FAE04EC0-301F-11D3-BF4B-00C04F79EFBC}") = "06. Replace Repeating Chars", "06. Replace Repeating Chars\06. Replace Repeating Chars.csproj", "{C3A92D24-5865-473F-AD6C-265D9FB157B7}"
EndProject
Global
	GlobalSection(SolutionConfigurationPlatforms) = preSolution
		Debug|Any CPU = Debug|Any CPU
		Release|Any CPU = Release|Any CPU
	EndGlobalSection
	GlobalSection(ProjectConfigurationPlatforms) = postSolution
		{C3A92D24-5865-473F-AD6C-265D9FB157B7}.Debug|Any CPU.ActiveCfg = Debug|Any CPU
		{C3A92D24-5865-473F-AD6C-265D9FB157B7}.Debug|Any CPU.Build.0 = Debug|Any CPU
		{C3A92D24-5865-473F-AD6C-265D9FB157B7}.Release|Any CPU.ActiveCfg = Release|Any CPU
		{C3A92D24-5865-473F-AD6C-265D9FB157B7}.Release|Any CPU.Build.0 = Release|Any CPU
	EndGlobalSection
	GlobalSection(SolutionProperties) = preSolution
		HideSolutionNode = FALSE
	EndGlobalSection
	GlobalSection(ExtensibilityGlobals) = postSolution
		SolutionGuid = {4FDFB66C-A1D7-441F-BD34-8F00C550740F}
	EndGlobalSection
EndGlobal
