
Microsoft Visual Studio Solution File, Format Version 12.00
# Visual Studio Version 17
VisualStudioVersion = 17.3.32901.215
MinimumVisualStudioVersion = 10.0.40219.1
Project("{9A19103F-16F7-4668-BE54-9A1E7A4F7556}") = "Exercise1", "Exercise1\Exercise1.csproj", "{D4029454-3C07-4978-8B1B-1014A48E9FBA}"
EndProject
Project("{9A19103F-16F7-4668-BE54-9A1E7A4F7556}") = "Exercise2", "Exercise2\Exercise2.csproj", "{DC901BE9-3BB2-45F5-AF95-FC8EBA5DF223}"
EndProject
Project("{FAE04EC0-301F-11D3-BF4B-00C04F79EFBC}") = "Exercise2-Real2", "Exercise2-Real2\Exercise2-Real2.csproj", "{4287A1E4-874D-49CA-AB47-5C6E1D616D63}"
EndProject
Global
	GlobalSection(SolutionConfigurationPlatforms) = preSolution
		Debug|Any CPU = Debug|Any CPU
		Release|Any CPU = Release|Any CPU
	EndGlobalSection
	GlobalSection(ProjectConfigurationPlatforms) = postSolution
		{D4029454-3C07-4978-8B1B-1014A48E9FBA}.Debug|Any CPU.ActiveCfg = Debug|Any CPU
		{D4029454-3C07-4978-8B1B-1014A48E9FBA}.Debug|Any CPU.Build.0 = Debug|Any CPU
		{D4029454-3C07-4978-8B1B-1014A48E9FBA}.Release|Any CPU.ActiveCfg = Release|Any CPU
		{D4029454-3C07-4978-8B1B-1014A48E9FBA}.Release|Any CPU.Build.0 = Release|Any CPU
		{DC901BE9-3BB2-45F5-AF95-FC8EBA5DF223}.Debug|Any CPU.ActiveCfg = Debug|Any CPU
		{DC901BE9-3BB2-45F5-AF95-FC8EBA5DF223}.Debug|Any CPU.Build.0 = Debug|Any CPU
		{DC901BE9-3BB2-45F5-AF95-FC8EBA5DF223}.Release|Any CPU.ActiveCfg = Release|Any CPU
		{DC901BE9-3BB2-45F5-AF95-FC8EBA5DF223}.Release|Any CPU.Build.0 = Release|Any CPU
		{4287A1E4-874D-49CA-AB47-5C6E1D616D63}.Debug|Any CPU.ActiveCfg = Debug|Any CPU
		{4287A1E4-874D-49CA-AB47-5C6E1D616D63}.Debug|Any CPU.Build.0 = Debug|Any CPU
		{4287A1E4-874D-49CA-AB47-5C6E1D616D63}.Release|Any CPU.ActiveCfg = Release|Any CPU
		{4287A1E4-874D-49CA-AB47-5C6E1D616D63}.Release|Any CPU.Build.0 = Release|Any CPU
	EndGlobalSection
	GlobalSection(SolutionProperties) = preSolution
		HideSolutionNode = FALSE
	EndGlobalSection
	GlobalSection(ExtensibilityGlobals) = postSolution
		SolutionGuid = {75ED6699-EBE1-48D1-816F-6AD8C2AED597}
	EndGlobalSection
EndGlobal
