
Microsoft Visual Studio Solution File, Format Version 12.00
# Visual Studio Version 17
VisualStudioVersion = 17.3.32901.215
MinimumVisualStudioVersion = 10.0.40219.1
Project("{FAE04EC0-301F-11D3-BF4B-00C04F79EFBC}") = "11.Snowballs", "11.Snowballs\11.Snowballs.csproj", "{06084624-1562-4018-B9A0-9FC40F073063}"
EndProject
Global
	GlobalSection(SolutionConfigurationPlatforms) = preSolution
		Debug|Any CPU = Debug|Any CPU
		Release|Any CPU = Release|Any CPU
	EndGlobalSection
	GlobalSection(ProjectConfigurationPlatforms) = postSolution
		{06084624-1562-4018-B9A0-9FC40F073063}.Debug|Any CPU.ActiveCfg = Debug|Any CPU
		{06084624-1562-4018-B9A0-9FC40F073063}.Debug|Any CPU.Build.0 = Debug|Any CPU
		{06084624-1562-4018-B9A0-9FC40F073063}.Release|Any CPU.ActiveCfg = Release|Any CPU
		{06084624-1562-4018-B9A0-9FC40F073063}.Release|Any CPU.Build.0 = Release|Any CPU
	EndGlobalSection
	GlobalSection(SolutionProperties) = preSolution
		HideSolutionNode = FALSE
	EndGlobalSection
	GlobalSection(ExtensibilityGlobals) = postSolution
		SolutionGuid = {5FC299DD-6830-4A05-ADD9-9DC0535CCD69}
	EndGlobalSection
EndGlobal
