
Microsoft Visual Studio Solution File, Format Version 12.00
# Visual Studio Version 17
VisualStudioVersion = 17.3.32901.215
MinimumVisualStudioVersion = 10.0.40219.1
Project("{FAE04EC0-301F-11D3-BF4B-00C04F79EFBC}") = "02. A Miner Task", "02. A Miner Task\02. A Miner Task.csproj", "{FBCAD06F-90D1-46D0-ACF5-7142A3D774CC}"
EndProject
Global
	GlobalSection(SolutionConfigurationPlatforms) = preSolution
		Debug|Any CPU = Debug|Any CPU
		Release|Any CPU = Release|Any CPU
	EndGlobalSection
	GlobalSection(ProjectConfigurationPlatforms) = postSolution
		{FBCAD06F-90D1-46D0-ACF5-7142A3D774CC}.Debug|Any CPU.ActiveCfg = Debug|Any CPU
		{FBCAD06F-90D1-46D0-ACF5-7142A3D774CC}.Debug|Any CPU.Build.0 = Debug|Any CPU
		{FBCAD06F-90D1-46D0-ACF5-7142A3D774CC}.Release|Any CPU.ActiveCfg = Release|Any CPU
		{FBCAD06F-90D1-46D0-ACF5-7142A3D774CC}.Release|Any CPU.Build.0 = Release|Any CPU
	EndGlobalSection
	GlobalSection(SolutionProperties) = preSolution
		HideSolutionNode = FALSE
	EndGlobalSection
	GlobalSection(ExtensibilityGlobals) = postSolution
		SolutionGuid = {B661D541-7BAA-4F27-8465-535269B9B4A3}
	EndGlobalSection
EndGlobal
