
Microsoft Visual Studio Solution File, Format Version 12.00
# Visual Studio Version 17
VisualStudioVersion = 17.3.32901.215
MinimumVisualStudioVersion = 10.0.40219.1
Project("{FAE04EC0-301F-11D3-BF4B-00C04F79EFBC}") = "01. Match Full Name", "01. Match Full Name\01. Match Full Name.csproj", "{3F06AEE6-A1CC-44EC-BF4B-EDD870039E82}"
EndProject
Global
	GlobalSection(SolutionConfigurationPlatforms) = preSolution
		Debug|Any CPU = Debug|Any CPU
		Release|Any CPU = Release|Any CPU
	EndGlobalSection
	GlobalSection(ProjectConfigurationPlatforms) = postSolution
		{3F06AEE6-A1CC-44EC-BF4B-EDD870039E82}.Debug|Any CPU.ActiveCfg = Debug|Any CPU
		{3F06AEE6-A1CC-44EC-BF4B-EDD870039E82}.Debug|Any CPU.Build.0 = Debug|Any CPU
		{3F06AEE6-A1CC-44EC-BF4B-EDD870039E82}.Release|Any CPU.ActiveCfg = Release|Any CPU
		{3F06AEE6-A1CC-44EC-BF4B-EDD870039E82}.Release|Any CPU.Build.0 = Release|Any CPU
	EndGlobalSection
	GlobalSection(SolutionProperties) = preSolution
		HideSolutionNode = FALSE
	EndGlobalSection
	GlobalSection(ExtensibilityGlobals) = postSolution
		SolutionGuid = {A919BDE1-F634-418F-B747-CCBAD9DA8BF7}
	EndGlobalSection
EndGlobal
