
Microsoft Visual Studio Solution File, Format Version 12.00
# Visual Studio Version 17
VisualStudioVersion = 17.3.32901.215
MinimumVisualStudioVersion = 10.0.40219.1
Project("{FAE04EC0-301F-11D3-BF4B-00C04F79EFBC}") = "03. Characters in Range", "03. Characters in Range\03. Characters in Range.csproj", "{7BDC6579-C002-4F2C-8DC2-6A65BC744476}"
EndProject
Global
	GlobalSection(SolutionConfigurationPlatforms) = preSolution
		Debug|Any CPU = Debug|Any CPU
		Release|Any CPU = Release|Any CPU
	EndGlobalSection
	GlobalSection(ProjectConfigurationPlatforms) = postSolution
		{7BDC6579-C002-4F2C-8DC2-6A65BC744476}.Debug|Any CPU.ActiveCfg = Debug|Any CPU
		{7BDC6579-C002-4F2C-8DC2-6A65BC744476}.Debug|Any CPU.Build.0 = Debug|Any CPU
		{7BDC6579-C002-4F2C-8DC2-6A65BC744476}.Release|Any CPU.ActiveCfg = Release|Any CPU
		{7BDC6579-C002-4F2C-8DC2-6A65BC744476}.Release|Any CPU.Build.0 = Release|Any CPU
	EndGlobalSection
	GlobalSection(SolutionProperties) = preSolution
		HideSolutionNode = FALSE
	EndGlobalSection
	GlobalSection(ExtensibilityGlobals) = postSolution
		SolutionGuid = {E0A5E5F7-66A7-46C5-A79A-236B1186B3F0}
	EndGlobalSection
EndGlobal
