
Microsoft Visual Studio Solution File, Format Version 12.00
# Visual Studio Version 17
VisualStudioVersion = 17.3.32901.215
MinimumVisualStudioVersion = 10.0.40219.1
Project("{FAE04EC0-301F-11D3-BF4B-00C04F79EFBC}") = "02. Vowels Count", "02. Vowels Count\02. Vowels Count.csproj", "{03BC569E-2C82-46F5-9865-6727DD235AD4}"
EndProject
Global
	GlobalSection(SolutionConfigurationPlatforms) = preSolution
		Debug|Any CPU = Debug|Any CPU
		Release|Any CPU = Release|Any CPU
	EndGlobalSection
	GlobalSection(ProjectConfigurationPlatforms) = postSolution
		{03BC569E-2C82-46F5-9865-6727DD235AD4}.Debug|Any CPU.ActiveCfg = Debug|Any CPU
		{03BC569E-2C82-46F5-9865-6727DD235AD4}.Debug|Any CPU.Build.0 = Debug|Any CPU
		{03BC569E-2C82-46F5-9865-6727DD235AD4}.Release|Any CPU.ActiveCfg = Release|Any CPU
		{03BC569E-2C82-46F5-9865-6727DD235AD4}.Release|Any CPU.Build.0 = Release|Any CPU
	EndGlobalSection
	GlobalSection(SolutionProperties) = preSolution
		HideSolutionNode = FALSE
	EndGlobalSection
	GlobalSection(ExtensibilityGlobals) = postSolution
		SolutionGuid = {2E7F6D93-DA61-4D2F-A522-E410AF6101B7}
	EndGlobalSection
EndGlobal
