
Microsoft Visual Studio Solution File, Format Version 12.00
# Visual Studio Version 17
VisualStudioVersion = 17.3.32901.215
MinimumVisualStudioVersion = 10.0.40219.1
Project("{FAE04EC0-301F-11D3-BF4B-00C04F79EFBC}") = "05.SpecialNumbers", "05.SpecialNumbers\05.SpecialNumbers.csproj", "{B3704495-A6D0-44BC-8877-120F19B8014E}"
EndProject
Global
	GlobalSection(SolutionConfigurationPlatforms) = preSolution
		Debug|Any CPU = Debug|Any CPU
		Release|Any CPU = Release|Any CPU
	EndGlobalSection
	GlobalSection(ProjectConfigurationPlatforms) = postSolution
		{B3704495-A6D0-44BC-8877-120F19B8014E}.Debug|Any CPU.ActiveCfg = Debug|Any CPU
		{B3704495-A6D0-44BC-8877-120F19B8014E}.Debug|Any CPU.Build.0 = Debug|Any CPU
		{B3704495-A6D0-44BC-8877-120F19B8014E}.Release|Any CPU.ActiveCfg = Release|Any CPU
		{B3704495-A6D0-44BC-8877-120F19B8014E}.Release|Any CPU.Build.0 = Release|Any CPU
	EndGlobalSection
	GlobalSection(SolutionProperties) = preSolution
		HideSolutionNode = FALSE
	EndGlobalSection
	GlobalSection(ExtensibilityGlobals) = postSolution
		SolutionGuid = {E0676AB6-9112-4193-AA64-C2F31569B052}
	EndGlobalSection
EndGlobal
