
Microsoft Visual Studio Solution File, Format Version 12.00
# Visual Studio Version 17
VisualStudioVersion = 17.3.32901.215
MinimumVisualStudioVersion = 10.0.40219.1
Project("{FAE04EC0-301F-11D3-BF4B-00C04F79EFBC}") = "07. Company Users", "07. Company Users\07. Company Users.csproj", "{16072D14-4200-4661-B52C-D0101DA2EED6}"
EndProject
Global
	GlobalSection(SolutionConfigurationPlatforms) = preSolution
		Debug|Any CPU = Debug|Any CPU
		Release|Any CPU = Release|Any CPU
	EndGlobalSection
	GlobalSection(ProjectConfigurationPlatforms) = postSolution
		{16072D14-4200-4661-B52C-D0101DA2EED6}.Debug|Any CPU.ActiveCfg = Debug|Any CPU
		{16072D14-4200-4661-B52C-D0101DA2EED6}.Debug|Any CPU.Build.0 = Debug|Any CPU
		{16072D14-4200-4661-B52C-D0101DA2EED6}.Release|Any CPU.ActiveCfg = Release|Any CPU
		{16072D14-4200-4661-B52C-D0101DA2EED6}.Release|Any CPU.Build.0 = Release|Any CPU
	EndGlobalSection
	GlobalSection(SolutionProperties) = preSolution
		HideSolutionNode = FALSE
	EndGlobalSection
	GlobalSection(ExtensibilityGlobals) = postSolution
		SolutionGuid = {C004887B-E3A4-46E3-8A85-3524F544FB5B}
	EndGlobalSection
EndGlobal
