
Microsoft Visual Studio Solution File, Format Version 12.00
# Visual Studio Version 17
VisualStudioVersion = 17.3.32901.215
MinimumVisualStudioVersion = 10.0.40219.1
Project("{FAE04EC0-301F-11D3-BF4B-00C04F79EFBC}") = "08.CondenseArrayToNumber", "08.CondenseArrayToNumber\08.CondenseArrayToNumber.csproj", "{28929CB4-EDC6-4A11-B4C6-2814C8DD37BB}"
EndProject
Global
	GlobalSection(SolutionConfigurationPlatforms) = preSolution
		Debug|Any CPU = Debug|Any CPU
		Release|Any CPU = Release|Any CPU
	EndGlobalSection
	GlobalSection(ProjectConfigurationPlatforms) = postSolution
		{28929CB4-EDC6-4A11-B4C6-2814C8DD37BB}.Debug|Any CPU.ActiveCfg = Debug|Any CPU
		{28929CB4-EDC6-4A11-B4C6-2814C8DD37BB}.Debug|Any CPU.Build.0 = Debug|Any CPU
		{28929CB4-EDC6-4A11-B4C6-2814C8DD37BB}.Release|Any CPU.ActiveCfg = Release|Any CPU
		{28929CB4-EDC6-4A11-B4C6-2814C8DD37BB}.Release|Any CPU.Build.0 = Release|Any CPU
	EndGlobalSection
	GlobalSection(SolutionProperties) = preSolution
		HideSolutionNode = FALSE
	EndGlobalSection
	GlobalSection(ExtensibilityGlobals) = postSolution
		SolutionGuid = {F2391490-A5F1-482E-8D2A-1756A100C4F5}
	EndGlobalSection
EndGlobal
