
Microsoft Visual Studio Solution File, Format Version 12.00
# Visual Studio Version 17
VisualStudioVersion = 17.3.32901.215
MinimumVisualStudioVersion = 10.0.40219.1
Project("{FAE04EC0-301F-11D3-BF4B-00C04F79EFBC}") = "04. Password Validator", "04. Password Validator\04. Password Validator.csproj", "{36281A09-64D6-4ABC-9267-60D1B823C86B}"
EndProject
Global
	GlobalSection(SolutionConfigurationPlatforms) = preSolution
		Debug|Any CPU = Debug|Any CPU
		Release|Any CPU = Release|Any CPU
	EndGlobalSection
	GlobalSection(ProjectConfigurationPlatforms) = postSolution
		{36281A09-64D6-4ABC-9267-60D1B823C86B}.Debug|Any CPU.ActiveCfg = Debug|Any CPU
		{36281A09-64D6-4ABC-9267-60D1B823C86B}.Debug|Any CPU.Build.0 = Debug|Any CPU
		{36281A09-64D6-4ABC-9267-60D1B823C86B}.Release|Any CPU.ActiveCfg = Release|Any CPU
		{36281A09-64D6-4ABC-9267-60D1B823C86B}.Release|Any CPU.Build.0 = Release|Any CPU
	EndGlobalSection
	GlobalSection(SolutionProperties) = preSolution
		HideSolutionNode = FALSE
	EndGlobalSection
	GlobalSection(ExtensibilityGlobals) = postSolution
		SolutionGuid = {E3FC83B2-6021-4C31-AD57-C940E1C78736}
	EndGlobalSection
EndGlobal
