
Microsoft Visual Studio Solution File, Format Version 12.00
# Visual Studio Version 17
VisualStudioVersion = 17.3.32901.215
MinimumVisualStudioVersion = 10.0.40219.1
Project("{FAE04EC0-301F-11D3-BF4B-00C04F79EFBC}") = "03. Merging Lists", "03. Merging Lists\03. Merging Lists.csproj", "{7FC49475-C0CA-466A-927F-D7230B7D3B82}"
EndProject
Global
	GlobalSection(SolutionConfigurationPlatforms) = preSolution
		Debug|Any CPU = Debug|Any CPU
		Release|Any CPU = Release|Any CPU
	EndGlobalSection
	GlobalSection(ProjectConfigurationPlatforms) = postSolution
		{7FC49475-C0CA-466A-927F-D7230B7D3B82}.Debug|Any CPU.ActiveCfg = Debug|Any CPU
		{7FC49475-C0CA-466A-927F-D7230B7D3B82}.Debug|Any CPU.Build.0 = Debug|Any CPU
		{7FC49475-C0CA-466A-927F-D7230B7D3B82}.Release|Any CPU.ActiveCfg = Release|Any CPU
		{7FC49475-C0CA-466A-927F-D7230B7D3B82}.Release|Any CPU.Build.0 = Release|Any CPU
	EndGlobalSection
	GlobalSection(SolutionProperties) = preSolution
		HideSolutionNode = FALSE
	EndGlobalSection
	GlobalSection(ExtensibilityGlobals) = postSolution
		SolutionGuid = {9A3AE8B4-91F7-42B4-911D-02D2C5959F60}
	EndGlobalSection
EndGlobal
