
Microsoft Visual Studio Solution File, Format Version 12.00
# Visual Studio Version 17
VisualStudioVersion = 17.3.32901.215
MinimumVisualStudioVersion = 10.0.40219.1
Project("{FAE04EC0-301F-11D3-BF4B-00C04F79EFBC}") = "02. Race", "02. Race\02. Race.csproj", "{D5FAC67D-65D0-463C-976C-77290C31F219}"
EndProject
Global
	GlobalSection(SolutionConfigurationPlatforms) = preSolution
		Debug|Any CPU = Debug|Any CPU
		Release|Any CPU = Release|Any CPU
	EndGlobalSection
	GlobalSection(ProjectConfigurationPlatforms) = postSolution
		{D5FAC67D-65D0-463C-976C-77290C31F219}.Debug|Any CPU.ActiveCfg = Debug|Any CPU
		{D5FAC67D-65D0-463C-976C-77290C31F219}.Debug|Any CPU.Build.0 = Debug|Any CPU
		{D5FAC67D-65D0-463C-976C-77290C31F219}.Release|Any CPU.ActiveCfg = Release|Any CPU
		{D5FAC67D-65D0-463C-976C-77290C31F219}.Release|Any CPU.Build.0 = Release|Any CPU
	EndGlobalSection
	GlobalSection(SolutionProperties) = preSolution
		HideSolutionNode = FALSE
	EndGlobalSection
	GlobalSection(ExtensibilityGlobals) = postSolution
		SolutionGuid = {6B387499-3F5C-4969-998F-3BFA370B9AE2}
	EndGlobalSection
EndGlobal
