
Microsoft Visual Studio Solution File, Format Version 12.00
# Visual Studio Version 17
VisualStudioVersion = 17.3.32901.215
MinimumVisualStudioVersion = 10.0.40219.1
Project("{9A19103F-16F7-4668-BE54-9A1E7A4F7556}") = "Person", "Person\Person.csproj", "{12B0112D-DF2A-428F-8C6D-4AF49C0CCD60}"
EndProject
Project("{9A19103F-16F7-4668-BE54-9A1E7A4F7556}") = "Zoo", "Zoo\Zoo.csproj", "{19DDA5D7-B291-4BE8-8D8A-558827E2372C}"
EndProject
Project("{9A19103F-16F7-4668-BE54-9A1E7A4F7556}") = "PlayersAndMonsters", "PlayersAndMonsters\PlayersAndMonsters.csproj", "{B5C16421-6D53-4588-A536-EF724A2B9335}"
EndProject
Project("{9A19103F-16F7-4668-BE54-9A1E7A4F7556}") = "NeedForSpeed", "NeedForSpeed\NeedForSpeed.csproj", "{0F1FB546-2DF7-4104-AD05-32A680BD317F}"
EndProject
Project("{FAE04EC0-301F-11D3-BF4B-00C04F79EFBC}") = "Animals", "Animals\Animals.csproj", "{DDA56EB0-50FF-452A-B41C-85485D6A94DF}"
EndProject
Project("{FAE04EC0-301F-11D3-BF4B-00C04F79EFBC}") = "Restaurant", "Restaurant\Restaurant.csproj", "{C26B1107-8983-4FD5-8D16-DB44CDD64409}"
EndProject
Global
	GlobalSection(SolutionConfigurationPlatforms) = preSolution
		Debug|Any CPU = Debug|Any CPU
		Release|Any CPU = Release|Any CPU
	EndGlobalSection
	GlobalSection(ProjectConfigurationPlatforms) = postSolution
		{12B0112D-DF2A-428F-8C6D-4AF49C0CCD60}.Debug|Any CPU.ActiveCfg = Debug|Any CPU
		{12B0112D-DF2A-428F-8C6D-4AF49C0CCD60}.Debug|Any CPU.Build.0 = Debug|Any CPU
		{12B0112D-DF2A-428F-8C6D-4AF49C0CCD60}.Release|Any CPU.ActiveCfg = Release|Any CPU
		{12B0112D-DF2A-428F-8C6D-4AF49C0CCD60}.Release|Any CPU.Build.0 = Release|Any CPU
		{19DDA5D7-B291-4BE8-8D8A-558827E2372C}.Debug|Any CPU.ActiveCfg = Debug|Any CPU
		{19DDA5D7-B291-4BE8-8D8A-558827E2372C}.Debug|Any CPU.Build.0 = Debug|Any CPU
		{19DDA5D7-B291-4BE8-8D8A-558827E2372C}.Release|Any CPU.ActiveCfg = Release|Any CPU
		{19DDA5D7-B291-4BE8-8D8A-558827E2372C}.Release|Any CPU.Build.0 = Release|Any CPU
		{B5C16421-6D53-4588-A536-EF724A2B9335}.Debug|Any CPU.ActiveCfg = Debug|Any CPU
		{B5C16421-6D53-4588-A536-EF724A2B9335}.Debug|Any CPU.Build.0 = Debug|Any CPU
		{B5C16421-6D53-4588-A536-EF724A2B9335}.Release|Any CPU.ActiveCfg = Release|Any CPU
		{B5C16421-6D53-4588-A536-EF724A2B9335}.Release|Any CPU.Build.0 = Release|Any CPU
		{0F1FB546-2DF7-4104-AD05-32A680BD317F}.Debug|Any CPU.ActiveCfg = Debug|Any CPU
		{0F1FB546-2DF7-4104-AD05-32A680BD317F}.Debug|Any CPU.Build.0 = Debug|Any CPU
		{0F1FB546-2DF7-4104-AD05-32A680BD317F}.Release|Any CPU.ActiveCfg = Release|Any CPU
		{0F1FB546-2DF7-4104-AD05-32A680BD317F}.Release|Any CPU.Build.0 = Release|Any CPU
		{DDA56EB0-50FF-452A-B41C-85485D6A94DF}.Debug|Any CPU.ActiveCfg = Debug|Any CPU
		{DDA56EB0-50FF-452A-B41C-85485D6A94DF}.Debug|Any CPU.Build.0 = Debug|Any CPU
		{DDA56EB0-50FF-452A-B41C-85485D6A94DF}.Release|Any CPU.ActiveCfg = Release|Any CPU
		{DDA56EB0-50FF-452A-B41C-85485D6A94DF}.Release|Any CPU.Build.0 = Release|Any CPU
		{C26B1107-8983-4FD5-8D16-DB44CDD64409}.Debug|Any CPU.ActiveCfg = Debug|Any CPU
		{C26B1107-8983-4FD5-8D16-DB44CDD64409}.Debug|Any CPU.Build.0 = Debug|Any CPU
		{C26B1107-8983-4FD5-8D16-DB44CDD64409}.Release|Any CPU.ActiveCfg = Release|Any CPU
		{C26B1107-8983-4FD5-8D16-DB44CDD64409}.Release|Any CPU.Build.0 = Release|Any CPU
	EndGlobalSection
	GlobalSection(SolutionProperties) = preSolution
		HideSolutionNode = FALSE
	EndGlobalSection
	GlobalSection(ExtensibilityGlobals) = postSolution
		SolutionGuid = {EE47187A-D643-41F8-9312-3D2E0DA5861D}
	EndGlobalSection
EndGlobal
