
Microsoft Visual Studio Solution File, Format Version 12.00
# Visual Studio Version 17
VisualStudioVersion = 17.3.32901.215
MinimumVisualStudioVersion = 10.0.40219.1
Project("{FAE04EC0-301F-11D3-BF4B-00C04F79EFBC}") = "04. Mixed up Lists", "04. Mixed up Lists\04. Mixed up Lists.csproj", "{FA6DA9A1-0A3C-4A32-B870-F29D70FB9BBB}"
EndProject
Global
	GlobalSection(SolutionConfigurationPlatforms) = preSolution
		Debug|Any CPU = Debug|Any CPU
		Release|Any CPU = Release|Any CPU
	EndGlobalSection
	GlobalSection(ProjectConfigurationPlatforms) = postSolution
		{FA6DA9A1-0A3C-4A32-B870-F29D70FB9BBB}.Debug|Any CPU.ActiveCfg = Debug|Any CPU
		{FA6DA9A1-0A3C-4A32-B870-F29D70FB9BBB}.Debug|Any CPU.Build.0 = Debug|Any CPU
		{FA6DA9A1-0A3C-4A32-B870-F29D70FB9BBB}.Release|Any CPU.ActiveCfg = Release|Any CPU
		{FA6DA9A1-0A3C-4A32-B870-F29D70FB9BBB}.Release|Any CPU.Build.0 = Release|Any CPU
	EndGlobalSection
	GlobalSection(SolutionProperties) = preSolution
		HideSolutionNode = FALSE
	EndGlobalSection
	GlobalSection(ExtensibilityGlobals) = postSolution
		SolutionGuid = {253BF2EC-63BB-4592-A1D6-6CE77729CC3B}
	EndGlobalSection
EndGlobal
