
Microsoft Visual Studio Solution File, Format Version 12.00
# Visual Studio Version 17
VisualStudioVersion = 17.3.32901.215
MinimumVisualStudioVersion = 10.0.40219.1
Project("{FAE04EC0-301F-11D3-BF4B-00C04F79EFBC}") = "03. Orders", "03. Orders\03. Orders.csproj", "{0420C390-842E-4B91-A3F0-F9F819F939AC}"
EndProject
Global
	GlobalSection(SolutionConfigurationPlatforms) = preSolution
		Debug|Any CPU = Debug|Any CPU
		Release|Any CPU = Release|Any CPU
	EndGlobalSection
	GlobalSection(ProjectConfigurationPlatforms) = postSolution
		{0420C390-842E-4B91-A3F0-F9F819F939AC}.Debug|Any CPU.ActiveCfg = Debug|Any CPU
		{0420C390-842E-4B91-A3F0-F9F819F939AC}.Debug|Any CPU.Build.0 = Debug|Any CPU
		{0420C390-842E-4B91-A3F0-F9F819F939AC}.Release|Any CPU.ActiveCfg = Release|Any CPU
		{0420C390-842E-4B91-A3F0-F9F819F939AC}.Release|Any CPU.Build.0 = Release|Any CPU
	EndGlobalSection
	GlobalSection(SolutionProperties) = preSolution
		HideSolutionNode = FALSE
	EndGlobalSection
	GlobalSection(ExtensibilityGlobals) = postSolution
		SolutionGuid = {1E610569-AB02-4A58-8B0E-49E01453A1F1}
	EndGlobalSection
EndGlobal
