
Microsoft Visual Studio Solution File, Format Version 12.00
# Visual Studio Version 17
VisualStudioVersion = 17.3.32901.215
MinimumVisualStudioVersion = 10.0.40219.1
Project("{FAE04EC0-301F-11D3-BF4B-00C04F79EFBC}") = "02. Center Point", "02. Center Point\02. Center Point.csproj", "{90D1DC6F-1556-47B0-8A11-C7B1366AAC08}"
EndProject
Global
	GlobalSection(SolutionConfigurationPlatforms) = preSolution
		Debug|Any CPU = Debug|Any CPU
		Release|Any CPU = Release|Any CPU
	EndGlobalSection
	GlobalSection(ProjectConfigurationPlatforms) = postSolution
		{90D1DC6F-1556-47B0-8A11-C7B1366AAC08}.Debug|Any CPU.ActiveCfg = Debug|Any CPU
		{90D1DC6F-1556-47B0-8A11-C7B1366AAC08}.Debug|Any CPU.Build.0 = Debug|Any CPU
		{90D1DC6F-1556-47B0-8A11-C7B1366AAC08}.Release|Any CPU.ActiveCfg = Release|Any CPU
		{90D1DC6F-1556-47B0-8A11-C7B1366AAC08}.Release|Any CPU.Build.0 = Release|Any CPU
	EndGlobalSection
	GlobalSection(SolutionProperties) = preSolution
		HideSolutionNode = FALSE
	EndGlobalSection
	GlobalSection(ExtensibilityGlobals) = postSolution
		SolutionGuid = {9ED57BB4-B70B-4AA4-93EB-D0D84DC67E8D}
	EndGlobalSection
EndGlobal
