
Microsoft Visual Studio Solution File, Format Version 12.00
# Visual Studio Version 17
VisualStudioVersion = 17.3.32901.215
MinimumVisualStudioVersion = 10.0.40219.1
Project("{FAE04EC0-301F-11D3-BF4B-00C04F79EFBC}") = "03. Articles 2.0", "03. Articles 2.0\03. Articles 2.0.csproj", "{239D963E-C030-422D-90E1-540706ED2EF9}"
EndProject
Global
	GlobalSection(SolutionConfigurationPlatforms) = preSolution
		Debug|Any CPU = Debug|Any CPU
		Release|Any CPU = Release|Any CPU
	EndGlobalSection
	GlobalSection(ProjectConfigurationPlatforms) = postSolution
		{239D963E-C030-422D-90E1-540706ED2EF9}.Debug|Any CPU.ActiveCfg = Debug|Any CPU
		{239D963E-C030-422D-90E1-540706ED2EF9}.Debug|Any CPU.Build.0 = Debug|Any CPU
		{239D963E-C030-422D-90E1-540706ED2EF9}.Release|Any CPU.ActiveCfg = Release|Any CPU
		{239D963E-C030-422D-90E1-540706ED2EF9}.Release|Any CPU.Build.0 = Release|Any CPU
	EndGlobalSection
	GlobalSection(SolutionProperties) = preSolution
		HideSolutionNode = FALSE
	EndGlobalSection
	GlobalSection(ExtensibilityGlobals) = postSolution
		SolutionGuid = {FA214045-9345-4766-AC41-CE87AA623511}
	EndGlobalSection
EndGlobal
