
Microsoft Visual Studio Solution File, Format Version 12.00
# Visual Studio Version 17
VisualStudioVersion = 17.3.32901.215
MinimumVisualStudioVersion = 10.0.40219.1
Project("{FAE04EC0-301F-11D3-BF4B-00C04F79EFBC}") = "03. House Party", "03. House Party\03. House Party.csproj", "{3236ACE0-EEB8-45D6-946D-A6B0D38CC699}"
EndProject
Global
	GlobalSection(SolutionConfigurationPlatforms) = preSolution
		Debug|Any CPU = Debug|Any CPU
		Release|Any CPU = Release|Any CPU
	EndGlobalSection
	GlobalSection(ProjectConfigurationPlatforms) = postSolution
		{3236ACE0-EEB8-45D6-946D-A6B0D38CC699}.Debug|Any CPU.ActiveCfg = Debug|Any CPU
		{3236ACE0-EEB8-45D6-946D-A6B0D38CC699}.Debug|Any CPU.Build.0 = Debug|Any CPU
		{3236ACE0-EEB8-45D6-946D-A6B0D38CC699}.Release|Any CPU.ActiveCfg = Release|Any CPU
		{3236ACE0-EEB8-45D6-946D-A6B0D38CC699}.Release|Any CPU.Build.0 = Release|Any CPU
	EndGlobalSection
	GlobalSection(SolutionProperties) = preSolution
		HideSolutionNode = FALSE
	EndGlobalSection
	GlobalSection(ExtensibilityGlobals) = postSolution
		SolutionGuid = {3CB15160-AC08-4AFE-BECB-76D17912F47F}
	EndGlobalSection
EndGlobal
