
Microsoft Visual Studio Solution File, Format Version 12.00
# Visual Studio Version 17
VisualStudioVersion = 17.3.32901.215
MinimumVisualStudioVersion = 10.0.40219.1
Project("{9A19103F-16F7-4668-BE54-9A1E7A4F7556}") = "CustomRandomList", "CustomRandomList\CustomRandomList.csproj", "{573C2317-6857-468E-B214-F21604510446}"
EndProject
Project("{9A19103F-16F7-4668-BE54-9A1E7A4F7556}") = "CustomStack", "CustomStack\CustomStack.csproj", "{34258B95-D2B1-44F4-8663-3D8A91E77F74}"
EndProject
Global
	GlobalSection(SolutionConfigurationPlatforms) = preSolution
		Debug|Any CPU = Debug|Any CPU
		Release|Any CPU = Release|Any CPU
	EndGlobalSection
	GlobalSection(ProjectConfigurationPlatforms) = postSolution
		{573C2317-6857-468E-B214-F21604510446}.Debug|Any CPU.ActiveCfg = Debug|Any CPU
		{573C2317-6857-468E-B214-F21604510446}.Debug|Any CPU.Build.0 = Debug|Any CPU
		{573C2317-6857-468E-B214-F21604510446}.Release|Any CPU.ActiveCfg = Release|Any CPU
		{573C2317-6857-468E-B214-F21604510446}.Release|Any CPU.Build.0 = Release|Any CPU
		{34258B95-D2B1-44F4-8663-3D8A91E77F74}.Debug|Any CPU.ActiveCfg = Debug|Any CPU
		{34258B95-D2B1-44F4-8663-3D8A91E77F74}.Debug|Any CPU.Build.0 = Debug|Any CPU
		{34258B95-D2B1-44F4-8663-3D8A91E77F74}.Release|Any CPU.ActiveCfg = Release|Any CPU
		{34258B95-D2B1-44F4-8663-3D8A91E77F74}.Release|Any CPU.Build.0 = Release|Any CPU
	EndGlobalSection
	GlobalSection(SolutionProperties) = preSolution
		HideSolutionNode = FALSE
	EndGlobalSection
	GlobalSection(ExtensibilityGlobals) = postSolution
		SolutionGuid = {04CE3ACF-6D56-48C2-8C38-5646D6E27A5E}
	EndGlobalSection
EndGlobal
