
Microsoft Visual Studio Solution File, Format Version 12.00
# Visual Studio Version 17
VisualStudioVersion = 17.3.32901.215
MinimumVisualStudioVersion = 10.0.40219.1
Project("{FAE04EC0-301F-11D3-BF4B-00C04F79EFBC}") = "1.Giniu pigg", "1.Giniu pigg\1.Giniu pigg.csproj", "{A459DFB7-CFC2-4BB4-94DF-E763CD30FC28}"
EndProject
Global
	GlobalSection(SolutionConfigurationPlatforms) = preSolution
		Debug|Any CPU = Debug|Any CPU
		Release|Any CPU = Release|Any CPU
	EndGlobalSection
	GlobalSection(ProjectConfigurationPlatforms) = postSolution
		{A459DFB7-CFC2-4BB4-94DF-E763CD30FC28}.Debug|Any CPU.ActiveCfg = Debug|Any CPU
		{A459DFB7-CFC2-4BB4-94DF-E763CD30FC28}.Debug|Any CPU.Build.0 = Debug|Any CPU
		{A459DFB7-CFC2-4BB4-94DF-E763CD30FC28}.Release|Any CPU.ActiveCfg = Release|Any CPU
		{A459DFB7-CFC2-4BB4-94DF-E763CD30FC28}.Release|Any CPU.Build.0 = Release|Any CPU
	EndGlobalSection
	GlobalSection(SolutionProperties) = preSolution
		HideSolutionNode = FALSE
	EndGlobalSection
	GlobalSection(ExtensibilityGlobals) = postSolution
		SolutionGuid = {4B1074B8-7D1C-489E-BFF1-40EA8F3C94CB}
	EndGlobalSection
EndGlobal
