
Microsoft Visual Studio Solution File, Format Version 12.00
# Visual Studio Version 17
VisualStudioVersion = 17.3.32901.215
MinimumVisualStudioVersion = 10.0.40219.1
Project("{FAE04EC0-301F-11D3-BF4B-00C04F79EFBC}") = "06. Cards Game", "06. Cards Game\06. Cards Game.csproj", "{D44A4A53-359C-4ABF-85EA-BA0E06772BAE}"
EndProject
Global
	GlobalSection(SolutionConfigurationPlatforms) = preSolution
		Debug|Any CPU = Debug|Any CPU
		Release|Any CPU = Release|Any CPU
	EndGlobalSection
	GlobalSection(ProjectConfigurationPlatforms) = postSolution
		{D44A4A53-359C-4ABF-85EA-BA0E06772BAE}.Debug|Any CPU.ActiveCfg = Debug|Any CPU
		{D44A4A53-359C-4ABF-85EA-BA0E06772BAE}.Debug|Any CPU.Build.0 = Debug|Any CPU
		{D44A4A53-359C-4ABF-85EA-BA0E06772BAE}.Release|Any CPU.ActiveCfg = Release|Any CPU
		{D44A4A53-359C-4ABF-85EA-BA0E06772BAE}.Release|Any CPU.Build.0 = Release|Any CPU
	EndGlobalSection
	GlobalSection(SolutionProperties) = preSolution
		HideSolutionNode = FALSE
	EndGlobalSection
	GlobalSection(ExtensibilityGlobals) = postSolution
		SolutionGuid = {BE4009E5-847D-4612-BDA8-6C358A4E2720}
	EndGlobalSection
EndGlobal
