
Microsoft Visual Studio Solution File, Format Version 12.00
# Visual Studio Version 17
VisualStudioVersion = 17.3.32901.215
MinimumVisualStudioVersion = 10.0.40219.1
Project("{FAE04EC0-301F-11D3-BF4B-00C04F79EFBC}") = "10.PokeMon", "10.PokeMon\10.PokeMon.csproj", "{8D945FB7-EADE-4B45-A4D0-9B1BF334F159}"
EndProject
Global
	GlobalSection(SolutionConfigurationPlatforms) = preSolution
		Debug|Any CPU = Debug|Any CPU
		Release|Any CPU = Release|Any CPU
	EndGlobalSection
	GlobalSection(ProjectConfigurationPlatforms) = postSolution
		{8D945FB7-EADE-4B45-A4D0-9B1BF334F159}.Debug|Any CPU.ActiveCfg = Debug|Any CPU
		{8D945FB7-EADE-4B45-A4D0-9B1BF334F159}.Debug|Any CPU.Build.0 = Debug|Any CPU
		{8D945FB7-EADE-4B45-A4D0-9B1BF334F159}.Release|Any CPU.ActiveCfg = Release|Any CPU
		{8D945FB7-EADE-4B45-A4D0-9B1BF334F159}.Release|Any CPU.Build.0 = Release|Any CPU
	EndGlobalSection
	GlobalSection(SolutionProperties) = preSolution
		HideSolutionNode = FALSE
	EndGlobalSection
	GlobalSection(ExtensibilityGlobals) = postSolution
		SolutionGuid = {21378792-ADA3-4074-A91F-F511DA08F7DB}
	EndGlobalSection
EndGlobal
