
Microsoft Visual Studio Solution File, Format Version 12.00
# Visual Studio Version 17
VisualStudioVersion = 17.3.32901.215
MinimumVisualStudioVersion = 10.0.40219.1
Project("{FAE04EC0-301F-11D3-BF4B-00C04F79EFBC}") = "02. Grades", "02. Grades\02. Grades.csproj", "{90E64A3D-2AA7-4F9B-A9F5-3FC3F3B03C65}"
EndProject
Global
	GlobalSection(SolutionConfigurationPlatforms) = preSolution
		Debug|Any CPU = Debug|Any CPU
		Release|Any CPU = Release|Any CPU
	EndGlobalSection
	GlobalSection(ProjectConfigurationPlatforms) = postSolution
		{90E64A3D-2AA7-4F9B-A9F5-3FC3F3B03C65}.Debug|Any CPU.ActiveCfg = Debug|Any CPU
		{90E64A3D-2AA7-4F9B-A9F5-3FC3F3B03C65}.Debug|Any CPU.Build.0 = Debug|Any CPU
		{90E64A3D-2AA7-4F9B-A9F5-3FC3F3B03C65}.Release|Any CPU.ActiveCfg = Release|Any CPU
		{90E64A3D-2AA7-4F9B-A9F5-3FC3F3B03C65}.Release|Any CPU.Build.0 = Release|Any CPU
	EndGlobalSection
	GlobalSection(SolutionProperties) = preSolution
		HideSolutionNode = FALSE
	EndGlobalSection
	GlobalSection(ExtensibilityGlobals) = postSolution
		SolutionGuid = {0295FBDD-DB20-4385-86A3-C87BE6FA5E21}
	EndGlobalSection
EndGlobal
