
Microsoft Visual Studio Solution File, Format Version 12.00
# Visual Studio Version 17
VisualStudioVersion = 17.3.32901.215
MinimumVisualStudioVersion = 10.0.40219.1
Project("{FAE04EC0-301F-11D3-BF4B-00C04F79EFBC}") = "07.MaxSequenceOfEqual Elements", "07.MaxSequenceOfEqual Elements\07.MaxSequenceOfEqual Elements.csproj", "{BC1160B6-A20F-4B44-A6A5-9305938ECEEF}"
EndProject
Global
	GlobalSection(SolutionConfigurationPlatforms) = preSolution
		Debug|Any CPU = Debug|Any CPU
		Release|Any CPU = Release|Any CPU
	EndGlobalSection
	GlobalSection(ProjectConfigurationPlatforms) = postSolution
		{BC1160B6-A20F-4B44-A6A5-9305938ECEEF}.Debug|Any CPU.ActiveCfg = Debug|Any CPU
		{BC1160B6-A20F-4B44-A6A5-9305938ECEEF}.Debug|Any CPU.Build.0 = Debug|Any CPU
		{BC1160B6-A20F-4B44-A6A5-9305938ECEEF}.Release|Any CPU.ActiveCfg = Release|Any CPU
		{BC1160B6-A20F-4B44-A6A5-9305938ECEEF}.Release|Any CPU.Build.0 = Release|Any CPU
	EndGlobalSection
	GlobalSection(SolutionProperties) = preSolution
		HideSolutionNode = FALSE
	EndGlobalSection
	GlobalSection(ExtensibilityGlobals) = postSolution
		SolutionGuid = {19410C55-1AF7-4CB3-B038-5A7FC6BB2BC8}
	EndGlobalSection
EndGlobal
