
Microsoft Visual Studio Solution File, Format Version 12.00
# Visual Studio Version 17
VisualStudioVersion = 17.3.32901.215
MinimumVisualStudioVersion = 10.0.40219.1
Project("{FAE04EC0-301F-11D3-BF4B-00C04F79EFBC}") = "01. Action Print", "01. Action Print\01. Action Print.csproj", "{D76D8DB1-E7E6-4B0A-A69A-9F19491674E5}"
EndProject
Project("{FAE04EC0-301F-11D3-BF4B-00C04F79EFBC}") = "02. Knights of Honor", "02. Knights of Honor\02. Knights of Honor.csproj", "{29232BAD-7492-4FE5-B249-7B8D17936022}"
EndProject
Project("{FAE04EC0-301F-11D3-BF4B-00C04F79EFBC}") = "03. Custom Min Function", "03. Custom Min Function\03. Custom Min Function.csproj", "{10D5B898-D093-4333-82CC-9F922348A8F7}"
EndProject
Project("{FAE04EC0-301F-11D3-BF4B-00C04F79EFBC}") = "04. Find Evens or Odds", "04. Find Evens or Odds\04. Find Evens or Odds.csproj", "{B91150B5-F168-4746-A82B-F99173DA775D}"
EndProject
Project("{FAE04EC0-301F-11D3-BF4B-00C04F79EFBC}") = "05. Applied Arithmetics", "05. Applied Arithmetics\05. Applied Arithmetics.csproj", "{1373A7AD-552A-499E-9231-7F303F86CBCD}"
EndProject
Project("{FAE04EC0-301F-11D3-BF4B-00C04F79EFBC}") = "06. Reverse And Exclude", "06. Reverse And Exclude\06. Reverse And Exclude.csproj", "{47619D73-79F2-4AC7-9090-E6C071F0589C}"
EndProject
Project("{FAE04EC0-301F-11D3-BF4B-00C04F79EFBC}") = "07. Predicate For Names", "07. Predicate For Names\07. Predicate For Names.csproj", "{0FBFC610-89F6-4D46-A7ED-5C7CA82FB1C8}"
EndProject
Project("{FAE04EC0-301F-11D3-BF4B-00C04F79EFBC}") = "08. List Of Predicates", "08. List Of Predicates\08. List Of Predicates.csproj", "{AD25C5AF-816B-4C07-8B36-8E619392AD15}"
EndProject
Project("{FAE04EC0-301F-11D3-BF4B-00C04F79EFBC}") = "09. Predicate Party!", "09. Predicate Party!\09. Predicate Party!.csproj", "{7DCE8C83-C733-41B4-A4A2-95715F43074F}"
EndProject
Project("{FAE04EC0-301F-11D3-BF4B-00C04F79EFBC}") = "10. The Party Reservation Filter Module", "10. The Party Reservation Filter Module\10. The Party Reservation Filter Module.csproj", "{A68283A4-B63A-4099-8D30-FF00DD88CA05}"
EndProject
Project("{FAE04EC0-301F-11D3-BF4B-00C04F79EFBC}") = "11. TriFunction", "11. TriFunction\11. TriFunction.csproj", "{455F5DF6-6881-4CDD-A4FC-40C3831B935A}"
EndProject
Global
	GlobalSection(SolutionConfigurationPlatforms) = preSolution
		Debug|Any CPU = Debug|Any CPU
		Release|Any CPU = Release|Any CPU
	EndGlobalSection
	GlobalSection(ProjectConfigurationPlatforms) = postSolution
		{D76D8DB1-E7E6-4B0A-A69A-9F19491674E5}.Debug|Any CPU.ActiveCfg = Debug|Any CPU
		{D76D8DB1-E7E6-4B0A-A69A-9F19491674E5}.Debug|Any CPU.Build.0 = Debug|Any CPU
		{D76D8DB1-E7E6-4B0A-A69A-9F19491674E5}.Release|Any CPU.ActiveCfg = Release|Any CPU
		{D76D8DB1-E7E6-4B0A-A69A-9F19491674E5}.Release|Any CPU.Build.0 = Release|Any CPU
		{29232BAD-7492-4FE5-B249-7B8D17936022}.Debug|Any CPU.ActiveCfg = Debug|Any CPU
		{29232BAD-7492-4FE5-B249-7B8D17936022}.Debug|Any CPU.Build.0 = Debug|Any CPU
		{29232BAD-7492-4FE5-B249-7B8D17936022}.Release|Any CPU.ActiveCfg = Release|Any CPU
		{29232BAD-7492-4FE5-B249-7B8D17936022}.Release|Any CPU.Build.0 = Release|Any CPU
		{10D5B898-D093-4333-82CC-9F922348A8F7}.Debug|Any CPU.ActiveCfg = Debug|Any CPU
		{10D5B898-D093-4333-82CC-9F922348A8F7}.Debug|Any CPU.Build.0 = Debug|Any CPU
		{10D5B898-D093-4333-82CC-9F922348A8F7}.Release|Any CPU.ActiveCfg = Release|Any CPU
		{10D5B898-D093-4333-82CC-9F922348A8F7}.Release|Any CPU.Build.0 = Release|Any CPU
		{B91150B5-F168-4746-A82B-F99173DA775D}.Debug|Any CPU.ActiveCfg = Debug|Any CPU
		{B91150B5-F168-4746-A82B-F99173DA775D}.Debug|Any CPU.Build.0 = Debug|Any CPU
		{B91150B5-F168-4746-A82B-F99173DA775D}.Release|Any CPU.ActiveCfg = Release|Any CPU
		{B91150B5-F168-4746-A82B-F99173DA775D}.Release|Any CPU.Build.0 = Release|Any CPU
		{1373A7AD-552A-499E-9231-7F303F86CBCD}.Debug|Any CPU.ActiveCfg = Debug|Any CPU
		{1373A7AD-552A-499E-9231-7F303F86CBCD}.Debug|Any CPU.Build.0 = Debug|Any CPU
		{1373A7AD-552A-499E-9231-7F303F86CBCD}.Release|Any CPU.ActiveCfg = Release|Any CPU
		{1373A7AD-552A-499E-9231-7F303F86CBCD}.Release|Any CPU.Build.0 = Release|Any CPU
		{47619D73-79F2-4AC7-9090-E6C071F0589C}.Debug|Any CPU.ActiveCfg = Debug|Any CPU
		{47619D73-79F2-4AC7-9090-E6C071F0589C}.Debug|Any CPU.Build.0 = Debug|Any CPU
		{47619D73-79F2-4AC7-9090-E6C071F0589C}.Release|Any CPU.ActiveCfg = Release|Any CPU
		{47619D73-79F2-4AC7-9090-E6C071F0589C}.Release|Any CPU.Build.0 = Release|Any CPU
		{0FBFC610-89F6-4D46-A7ED-5C7CA82FB1C8}.Debug|Any CPU.ActiveCfg = Debug|Any CPU
		{0FBFC610-89F6-4D46-A7ED-5C7CA82FB1C8}.Debug|Any CPU.Build.0 = Debug|Any CPU
		{0FBFC610-89F6-4D46-A7ED-5C7CA82FB1C8}.Release|Any CPU.ActiveCfg = Release|Any CPU
		{0FBFC610-89F6-4D46-A7ED-5C7CA82FB1C8}.Release|Any CPU.Build.0 = Release|Any CPU
		{AD25C5AF-816B-4C07-8B36-8E619392AD15}.Debug|Any CPU.ActiveCfg = Debug|Any CPU
		{AD25C5AF-816B-4C07-8B36-8E619392AD15}.Debug|Any CPU.Build.0 = Debug|Any CPU
		{AD25C5AF-816B-4C07-8B36-8E619392AD15}.Release|Any CPU.ActiveCfg = Release|Any CPU
		{AD25C5AF-816B-4C07-8B36-8E619392AD15}.Release|Any CPU.Build.0 = Release|Any CPU
		{7DCE8C83-C733-41B4-A4A2-95715F43074F}.Debug|Any CPU.ActiveCfg = Debug|Any CPU
		{7DCE8C83-C733-41B4-A4A2-95715F43074F}.Debug|Any CPU.Build.0 = Debug|Any CPU
		{7DCE8C83-C733-41B4-A4A2-95715F43074F}.Release|Any CPU.ActiveCfg = Release|Any CPU
		{7DCE8C83-C733-41B4-A4A2-95715F43074F}.Release|Any CPU.Build.0 = Release|Any CPU
		{A68283A4-B63A-4099-8D30-FF00DD88CA05}.Debug|Any CPU.ActiveCfg = Debug|Any CPU
		{A68283A4-B63A-4099-8D30-FF00DD88CA05}.Debug|Any CPU.Build.0 = Debug|Any CPU
		{A68283A4-B63A-4099-8D30-FF00DD88CA05}.Release|Any CPU.ActiveCfg = Release|Any CPU
		{A68283A4-B63A-4099-8D30-FF00DD88CA05}.Release|Any CPU.Build.0 = Release|Any CPU
		{455F5DF6-6881-4CDD-A4FC-40C3831B935A}.Debug|Any CPU.ActiveCfg = Debug|Any CPU
		{455F5DF6-6881-4CDD-A4FC-40C3831B935A}.Debug|Any CPU.Build.0 = Debug|Any CPU
		{455F5DF6-6881-4CDD-A4FC-40C3831B935A}.Release|Any CPU.ActiveCfg = Release|Any CPU
		{455F5DF6-6881-4CDD-A4FC-40C3831B935A}.Release|Any CPU.Build.0 = Release|Any CPU
	EndGlobalSection
	GlobalSection(SolutionProperties) = preSolution
		HideSolutionNode = FALSE
	EndGlobalSection
	GlobalSection(ExtensibilityGlobals) = postSolution
		SolutionGuid = {4561305D-F66E-4263-BBFF-671CFF5CA202}
	EndGlobalSection
EndGlobal
